
Microsoft Visual Studio Solution File, Format Version 12.00
# Visual Studio Version 16
VisualStudioVersion = 16.0.33927.289
MinimumVisualStudioVersion = 10.0.40219.1
Project("{FAE04EC0-301F-11D3-BF4B-00C04F79EFBC}") = "Tyuiu.PaulikKV.Sprint2.Task0.V22", "Tyuiu.PaulikKV.Sprint2.Task0.V22\Tyuiu.PaulikKV.Sprint2.Task0.V22.csproj", "{1DCC847E-A562-4EFC-B0AD-371ABDAD980C}"
EndProject
Project("{FAE04EC0-301F-11D3-BF4B-00C04F79EFBC}") = "Tyuiu.PaulikKV.Sprint2.Task0.V22.Lib", "Tyuiu.PaulikKV.Sprint2.Task0.V22.Lib\Tyuiu.PaulikKV.Sprint2.Task0.V22.Lib.csproj", "{5337A13A-FFE5-4ECD-9049-234427C18308}"
EndProject
Project("{FAE04EC0-301F-11D3-BF4B-00C04F79EFBC}") = "Tyuiu.PaulikKV.Sprint2.Task0.V22.Test", "Tyuiu.PaulikKV.Sprint2.Task0.V22.Test\Tyuiu.PaulikKV.Sprint2.Task0.V22.Test.csproj", "{EDF1E7D1-5A8C-47CC-8400-44DEB4CBCE71}"
EndProject
Project("{2150E333-8FDC-42A3-9474-1A3956D46DE8}") = "Task0", "Task0", "{8E24EB54-1E41-419B-9765-B4DA2ED66DE5}"
EndProject
Project("{2150E333-8FDC-42A3-9474-1A3956D46DE8}") = "Task1", "Task1", "{1E7D3D1A-9B14-401A-8561-6D679F4FA137}"
EndProject
Project("{FAE04EC0-301F-11D3-BF4B-00C04F79EFBC}") = "Tyuiu.PaulikKV.Sprint2.Task1.V27.Lib", "Tyuiu.PaulikKV.Sprint2.Task1.V27.Lib\Tyuiu.PaulikKV.Sprint2.Task1.V27.Lib.csproj", "{2ADCFBF1-5EBD-4274-89D5-8C227DC18161}"
EndProject
Project("{FAE04EC0-301F-11D3-BF4B-00C04F79EFBC}") = "Tyuiu.PaulikKV.Sprint2.Task1.V27", "Tyuiu.PaulikKV.Sprint2.Task1.V27\Tyuiu.PaulikKV.Sprint2.Task1.V27.csproj", "{834A1B88-1123-4E8D-B6D3-554CD6ABD392}"
EndProject
Project("{FAE04EC0-301F-11D3-BF4B-00C04F79EFBC}") = "Tyuiu.PaulikKV.Sprint2.Task1.V27.Test", "Tyuiu.PaulikKV.Sprint2.Task1.V27.Test\Tyuiu.PaulikKV.Sprint2.Task1.V27.Test.csproj", "{81920AD2-62E8-4542-9EE2-C87DF89C47F9}"
EndProject
Project("{2150E333-8FDC-42A3-9474-1A3956D46DE8}") = "Task2", "Task2", "{4118F67D-3913-4D5D-B5DD-F4EF2AB93D59}"
EndProject
Project("{FAE04EC0-301F-11D3-BF4B-00C04F79EFBC}") = "Tyuiu.PaulikKV.Sprint2.Task2.V10.Test", "Tyuiu.PaulikKV.Sprint2.Task2.V10.Test\Tyuiu.PaulikKV.Sprint2.Task2.V10.Test.csproj", "{C621B6A1-4C81-462A-A591-BB6C9E5DF5DE}"
EndProject
Project("{FAE04EC0-301F-11D3-BF4B-00C04F79EFBC}") = "Tyuiu.PaulikKV.Sprint2.Task2.V10", "Tyuiu.PaulikKV.Sprint2.Task2.V10\Tyuiu.PaulikKV.Sprint2.Task2.V10.csproj", "{3924E9B2-F91D-4817-9F6C-6DF11521615B}"
EndProject
Project("{FAE04EC0-301F-11D3-BF4B-00C04F79EFBC}") = "Tyuiu.PaulikKV.Sprint2.Task2.V10.Lib", "Tyuiu.PaulikKV.Sprint2.Task2.V10.Lib\Tyuiu.PaulikKV.Sprint2.Task2.V10.Lib.csproj", "{173F6C8C-B112-4396-9BCC-18343BF1E47A}"
EndProject
Project("{2150E333-8FDC-42A3-9474-1A3956D46DE8}") = "Task3", "Task3", "{D0816188-99C2-4B38-B0CF-11F7D9052901}"
EndProject
Project("{FAE04EC0-301F-11D3-BF4B-00C04F79EFBC}") = "Tyuiu.PaulikKV.Sprint2.Task3.V15.Test", "Tyuiu.PaulikKV.Sprint2.Task3.V15.Test\Tyuiu.PaulikKV.Sprint2.Task3.V15.Test.csproj", "{9DBD7219-DF10-4F6F-B873-4817B72EEA1F}"
EndProject
Project("{FAE04EC0-301F-11D3-BF4B-00C04F79EFBC}") = "Tyuiu.PaulikKV.Sprint2.Task3.V15.Lib", "Tyuiu.PaulikKV.Sprint2.Task3.V15.Lib\Tyuiu.PaulikKV.Sprint2.Task3.V15.Lib.csproj", "{8BF2A08D-D01E-4795-89FC-4BAAC604225D}"
EndProject
Project("{FAE04EC0-301F-11D3-BF4B-00C04F79EFBC}") = "Tyuiu.PaulikKV.Sprint2.Task3.V15", "Tyuiu.PaulikKV.Sprint2.Task3.V15\Tyuiu.PaulikKV.Sprint2.Task3.V15.csproj", "{EA3D1530-4CE4-4912-9E51-393CF90280DE}"
EndProject
Project("{2150E333-8FDC-42A3-9474-1A3956D46DE8}") = "Task4", "Task4", "{E37D8748-BAC6-439D-BF69-4024F61A5353}"
EndProject
Project("{FAE04EC0-301F-11D3-BF4B-00C04F79EFBC}") = "Tyuiu.PaulikKV.Sprint2.Task4.V9", "Tyuiu.PaulikKV.Sprint2.Task4.V9\Tyuiu.PaulikKV.Sprint2.Task4.V9.csproj", "{BB21F088-B8CD-40EA-88B7-06DE53F8FF93}"
EndProject
Project("{FAE04EC0-301F-11D3-BF4B-00C04F79EFBC}") = "Tyuiu.PaulikKV.Sprint2.Task4.V9.Lib", "Tyuiu.PaulikKV.Sprint2.Task4.V9.Lib\Tyuiu.PaulikKV.Sprint2.Task4.V9.Lib.csproj", "{1B1794E0-A040-4A88-BD05-1AF183AE574F}"
EndProject
Project("{FAE04EC0-301F-11D3-BF4B-00C04F79EFBC}") = "Tyuiu.PaulikKV.Sprint2.Task4.V9.Test", "Tyuiu.PaulikKV.Sprint2.Task4.V9.Test\Tyuiu.PaulikKV.Sprint2.Task4.V9.Test.csproj", "{51E58D52-CBAE-40C2-82D4-E08B93B83C66}"
EndProject
Project("{2150E333-8FDC-42A3-9474-1A3956D46DE8}") = "Task5", "Task5", "{314B04D3-6D08-4B4E-B49D-D4B504AFD55D}"
EndProject
Project("{FAE04EC0-301F-11D3-BF4B-00C04F79EFBC}") = "Tyuiu.PaulikKV.Sprint2.Task5.V2.Test", "Tyuiu.PaulikKV.Sprint2.Task5.V2.Test\Tyuiu.PaulikKV.Sprint2.Task5.V2.Test.csproj", "{33C14AF1-817D-47F5-BD2C-0C9898C6BE53}"
EndProject
Project("{FAE04EC0-301F-11D3-BF4B-00C04F79EFBC}") = "Tyuiu.PaulikKV.Sprint2.Task5.V2.Lib", "Tyuiu.PaulikKV.Sprint2.Task5.V2.Lib\Tyuiu.PaulikKV.Sprint2.Task5.V2.Lib.csproj", "{795A2944-C53C-4F42-AF16-9B0DED226150}"
EndProject
Project("{FAE04EC0-301F-11D3-BF4B-00C04F79EFBC}") = "Tyuiu.PaulikKV.Sprint2.Task5.V2", "Tyuiu.PaulikKV.Sprint2.Task5.V2\Tyuiu.PaulikKV.Sprint2.Task5.V2.csproj", "{B27D6E03-397D-440A-A8D3-AAE21EEC168E}"
EndProject
Project("{2150E333-8FDC-42A3-9474-1A3956D46DE8}") = "Task6", "Task6", "{44EA8B65-1833-46D2-8066-79D7FCFEE369}"
EndProject
Project("{FAE04EC0-301F-11D3-BF4B-00C04F79EFBC}") = "Tyuiu.PaulikKV.Sprint2.Task6.V10", "Tyuiu.PaulikKV.Sprint2.Task6.V10\Tyuiu.PaulikKV.Sprint2.Task6.V10.csproj", "{E75D7A62-17E4-4FD8-A442-DCD08A24E94F}"
EndProject
Project("{FAE04EC0-301F-11D3-BF4B-00C04F79EFBC}") = "Tyuiu.PaulikKV.Sprint2.Task6.V10.Lib", "Tyuiu.PaulikKV.Sprint2.Task6.V10.Lib\Tyuiu.PaulikKV.Sprint2.Task6.V10.Lib.csproj", "{B0C79173-A00E-4FF9-A233-0441D2224729}"
EndProject
Project("{FAE04EC0-301F-11D3-BF4B-00C04F79EFBC}") = "Tyuiu.PaulikKV.Sprint2.Task6.V10.Test", "Tyuiu.PaulikKV.Sprint2.Task6.V10.Test\Tyuiu.PaulikKV.Sprint2.Task6.V10.Test.csproj", "{80A81A70-939B-4F62-8325-609165412081}"
EndProject
Project("{2150E333-8FDC-42A3-9474-1A3956D46DE8}") = "Task7", "Task7", "{BFFC2424-47F0-4F55-9E5F-B146955C652D}"
EndProject
Project("{FAE04EC0-301F-11D3-BF4B-00C04F79EFBC}") = "Tyuiu.PaulikKV.Sprint2.Task7.V1", "Tyuiu.PaulikKV.Sprint2.Task7.V1\Tyuiu.PaulikKV.Sprint2.Task7.V1.csproj", "{67018EDF-A4DB-45C6-B6FE-1B500E8829C9}"
EndProject
Project("{FAE04EC0-301F-11D3-BF4B-00C04F79EFBC}") = "Tyuiu.PaulikKV.Sprint2.Task7.V1.Lib", "Tyuiu.PaulikKV.Sprint2.Task7.V1.Lib\Tyuiu.PaulikKV.Sprint2.Task7.V1.Lib.csproj", "{D897CEE8-A1BA-4C1D-B550-8C6C90C3F6A5}"
EndProject
Project("{FAE04EC0-301F-11D3-BF4B-00C04F79EFBC}") = "Tyuiu.PaulikKV.Sprint2.Task7.V1.Test", "Tyuiu.PaulikKV.Sprint2.Task7.V1.Test\Tyuiu.PaulikKV.Sprint2.Task7.V1.Test.csproj", "{F3F70AD3-BC72-41E6-9A6B-F429BEBC1463}"
EndProject
Global
	GlobalSection(SolutionConfigurationPlatforms) = preSolution
		Debug|Any CPU = Debug|Any CPU
		Release|Any CPU = Release|Any CPU
	EndGlobalSection
	GlobalSection(ProjectConfigurationPlatforms) = postSolution
		{1DCC847E-A562-4EFC-B0AD-371ABDAD980C}.Debug|Any CPU.ActiveCfg = Debug|Any CPU
		{1DCC847E-A562-4EFC-B0AD-371ABDAD980C}.Debug|Any CPU.Build.0 = Debug|Any CPU
		{1DCC847E-A562-4EFC-B0AD-371ABDAD980C}.Release|Any CPU.ActiveCfg = Release|Any CPU
		{1DCC847E-A562-4EFC-B0AD-371ABDAD980C}.Release|Any CPU.Build.0 = Release|Any CPU
		{5337A13A-FFE5-4ECD-9049-234427C18308}.Debug|Any CPU.ActiveCfg = Debug|Any CPU
		{5337A13A-FFE5-4ECD-9049-234427C18308}.Debug|Any CPU.Build.0 = Debug|Any CPU
		{5337A13A-FFE5-4ECD-9049-234427C18308}.Release|Any CPU.ActiveCfg = Release|Any CPU
		{5337A13A-FFE5-4ECD-9049-234427C18308}.Release|Any CPU.Build.0 = Release|Any CPU
		{EDF1E7D1-5A8C-47CC-8400-44DEB4CBCE71}.Debug|Any CPU.ActiveCfg = Debug|Any CPU
		{EDF1E7D1-5A8C-47CC-8400-44DEB4CBCE71}.Debug|Any CPU.Build.0 = Debug|Any CPU
		{EDF1E7D1-5A8C-47CC-8400-44DEB4CBCE71}.Release|Any CPU.ActiveCfg = Release|Any CPU
		{EDF1E7D1-5A8C-47CC-8400-44DEB4CBCE71}.Release|Any CPU.Build.0 = Release|Any CPU
		{2ADCFBF1-5EBD-4274-89D5-8C227DC18161}.Debug|Any CPU.ActiveCfg = Debug|Any CPU
		{2ADCFBF1-5EBD-4274-89D5-8C227DC18161}.Debug|Any CPU.Build.0 = Debug|Any CPU
		{2ADCFBF1-5EBD-4274-89D5-8C227DC18161}.Release|Any CPU.ActiveCfg = Release|Any CPU
		{2ADCFBF1-5EBD-4274-89D5-8C227DC18161}.Release|Any CPU.Build.0 = Release|Any CPU
		{834A1B88-1123-4E8D-B6D3-554CD6ABD392}.Debug|Any CPU.ActiveCfg = Debug|Any CPU
		{834A1B88-1123-4E8D-B6D3-554CD6ABD392}.Debug|Any CPU.Build.0 = Debug|Any CPU
		{834A1B88-1123-4E8D-B6D3-554CD6ABD392}.Release|Any CPU.ActiveCfg = Release|Any CPU
		{834A1B88-1123-4E8D-B6D3-554CD6ABD392}.Release|Any CPU.Build.0 = Release|Any CPU
		{81920AD2-62E8-4542-9EE2-C87DF89C47F9}.Debug|Any CPU.ActiveCfg = Debug|Any CPU
		{81920AD2-62E8-4542-9EE2-C87DF89C47F9}.Debug|Any CPU.Build.0 = Debug|Any CPU
		{81920AD2-62E8-4542-9EE2-C87DF89C47F9}.Release|Any CPU.ActiveCfg = Release|Any CPU
		{81920AD2-62E8-4542-9EE2-C87DF89C47F9}.Release|Any CPU.Build.0 = Release|Any CPU
		{C621B6A1-4C81-462A-A591-BB6C9E5DF5DE}.Debug|Any CPU.ActiveCfg = Debug|Any CPU
		{C621B6A1-4C81-462A-A591-BB6C9E5DF5DE}.Debug|Any CPU.Build.0 = Debug|Any CPU
		{C621B6A1-4C81-462A-A591-BB6C9E5DF5DE}.Release|Any CPU.ActiveCfg = Release|Any CPU
		{C621B6A1-4C81-462A-A591-BB6C9E5DF5DE}.Release|Any CPU.Build.0 = Release|Any CPU
		{3924E9B2-F91D-4817-9F6C-6DF11521615B}.Debug|Any CPU.ActiveCfg = Debug|Any CPU
		{3924E9B2-F91D-4817-9F6C-6DF11521615B}.Debug|Any CPU.Build.0 = Debug|Any CPU
		{3924E9B2-F91D-4817-9F6C-6DF11521615B}.Release|Any CPU.ActiveCfg = Release|Any CPU
		{3924E9B2-F91D-4817-9F6C-6DF11521615B}.Release|Any CPU.Build.0 = Release|Any CPU
		{173F6C8C-B112-4396-9BCC-18343BF1E47A}.Debug|Any CPU.ActiveCfg = Debug|Any CPU
		{173F6C8C-B112-4396-9BCC-18343BF1E47A}.Debug|Any CPU.Build.0 = Debug|Any CPU
		{173F6C8C-B112-4396-9BCC-18343BF1E47A}.Release|Any CPU.ActiveCfg = Release|Any CPU
		{173F6C8C-B112-4396-9BCC-18343BF1E47A}.Release|Any CPU.Build.0 = Release|Any CPU
		{9DBD7219-DF10-4F6F-B873-4817B72EEA1F}.Debug|Any CPU.ActiveCfg = Debug|Any CPU
		{9DBD7219-DF10-4F6F-B873-4817B72EEA1F}.Debug|Any CPU.Build.0 = Debug|Any CPU
		{9DBD7219-DF10-4F6F-B873-4817B72EEA1F}.Release|Any CPU.ActiveCfg = Release|Any CPU
		{9DBD7219-DF10-4F6F-B873-4817B72EEA1F}.Release|Any CPU.Build.0 = Release|Any CPU
		{8BF2A08D-D01E-4795-89FC-4BAAC604225D}.Debug|Any CPU.ActiveCfg = Debug|Any CPU
		{8BF2A08D-D01E-4795-89FC-4BAAC604225D}.Debug|Any CPU.Build.0 = Debug|Any CPU
		{8BF2A08D-D01E-4795-89FC-4BAAC604225D}.Release|Any CPU.ActiveCfg = Release|Any CPU
		{8BF2A08D-D01E-4795-89FC-4BAAC604225D}.Release|Any CPU.Build.0 = Release|Any CPU
		{EA3D1530-4CE4-4912-9E51-393CF90280DE}.Debug|Any CPU.ActiveCfg = Debug|Any CPU
		{EA3D1530-4CE4-4912-9E51-393CF90280DE}.Debug|Any CPU.Build.0 = Debug|Any CPU
		{EA3D1530-4CE4-4912-9E51-393CF90280DE}.Release|Any CPU.ActiveCfg = Release|Any CPU
		{EA3D1530-4CE4-4912-9E51-393CF90280DE}.Release|Any CPU.Build.0 = Release|Any CPU
		{BB21F088-B8CD-40EA-88B7-06DE53F8FF93}.Debug|Any CPU.ActiveCfg = Debug|Any CPU
		{BB21F088-B8CD-40EA-88B7-06DE53F8FF93}.Debug|Any CPU.Build.0 = Debug|Any CPU
		{BB21F088-B8CD-40EA-88B7-06DE53F8FF93}.Release|Any CPU.ActiveCfg = Release|Any CPU
		{BB21F088-B8CD-40EA-88B7-06DE53F8FF93}.Release|Any CPU.Build.0 = Release|Any CPU
		{1B1794E0-A040-4A88-BD05-1AF183AE574F}.Debug|Any CPU.ActiveCfg = Debug|Any CPU
		{1B1794E0-A040-4A88-BD05-1AF183AE574F}.Debug|Any CPU.Build.0 = Debug|Any CPU
		{1B1794E0-A040-4A88-BD05-1AF183AE574F}.Release|Any CPU.ActiveCfg = Release|Any CPU
		{1B1794E0-A040-4A88-BD05-1AF183AE574F}.Release|Any CPU.Build.0 = Release|Any CPU
		{51E58D52-CBAE-40C2-82D4-E08B93B83C66}.Debug|Any CPU.ActiveCfg = Debug|Any CPU
		{51E58D52-CBAE-40C2-82D4-E08B93B83C66}.Debug|Any CPU.Build.0 = Debug|Any CPU
		{51E58D52-CBAE-40C2-82D4-E08B93B83C66}.Release|Any CPU.ActiveCfg = Release|Any CPU
		{51E58D52-CBAE-40C2-82D4-E08B93B83C66}.Release|Any CPU.Build.0 = Release|Any CPU
		{33C14AF1-817D-47F5-BD2C-0C9898C6BE53}.Debug|Any CPU.ActiveCfg = Debug|Any CPU
		{33C14AF1-817D-47F5-BD2C-0C9898C6BE53}.Debug|Any CPU.Build.0 = Debug|Any CPU
		{33C14AF1-817D-47F5-BD2C-0C9898C6BE53}.Release|Any CPU.ActiveCfg = Release|Any CPU
		{33C14AF1-817D-47F5-BD2C-0C9898C6BE53}.Release|Any CPU.Build.0 = Release|Any CPU
		{795A2944-C53C-4F42-AF16-9B0DED226150}.Debug|Any CPU.ActiveCfg = Debug|Any CPU
		{795A2944-C53C-4F42-AF16-9B0DED226150}.Debug|Any CPU.Build.0 = Debug|Any CPU
		{795A2944-C53C-4F42-AF16-9B0DED226150}.Release|Any CPU.ActiveCfg = Release|Any CPU
		{795A2944-C53C-4F42-AF16-9B0DED226150}.Release|Any CPU.Build.0 = Release|Any CPU
		{B27D6E03-397D-440A-A8D3-AAE21EEC168E}.Debug|Any CPU.ActiveCfg = Debug|Any CPU
		{B27D6E03-397D-440A-A8D3-AAE21EEC168E}.Debug|Any CPU.Build.0 = Debug|Any CPU
		{B27D6E03-397D-440A-A8D3-AAE21EEC168E}.Release|Any CPU.ActiveCfg = Release|Any CPU
		{B27D6E03-397D-440A-A8D3-AAE21EEC168E}.Release|Any CPU.Build.0 = Release|Any CPU
		{E75D7A62-17E4-4FD8-A442-DCD08A24E94F}.Debug|Any CPU.ActiveCfg = Debug|Any CPU
		{E75D7A62-17E4-4FD8-A442-DCD08A24E94F}.Debug|Any CPU.Build.0 = Debug|Any CPU
		{E75D7A62-17E4-4FD8-A442-DCD08A24E94F}.Release|Any CPU.ActiveCfg = Release|Any CPU
		{E75D7A62-17E4-4FD8-A442-DCD08A24E94F}.Release|Any CPU.Build.0 = Release|Any CPU
		{B0C79173-A00E-4FF9-A233-0441D2224729}.Debug|Any CPU.ActiveCfg = Debug|Any CPU
		{B0C79173-A00E-4FF9-A233-0441D2224729}.Debug|Any CPU.Build.0 = Debug|Any CPU
		{B0C79173-A00E-4FF9-A233-0441D2224729}.Release|Any CPU.ActiveCfg = Release|Any CPU
		{B0C79173-A00E-4FF9-A233-0441D2224729}.Release|Any CPU.Build.0 = Release|Any CPU
		{80A81A70-939B-4F62-8325-609165412081}.Debug|Any CPU.ActiveCfg = Debug|Any CPU
		{80A81A70-939B-4F62-8325-609165412081}.Debug|Any CPU.Build.0 = Debug|Any CPU
		{80A81A70-939B-4F62-8325-609165412081}.Release|Any CPU.ActiveCfg = Release|Any CPU
		{80A81A70-939B-4F62-8325-609165412081}.Release|Any CPU.Build.0 = Release|Any CPU
		{67018EDF-A4DB-45C6-B6FE-1B500E8829C9}.Debug|Any CPU.ActiveCfg = Debug|Any CPU
		{67018EDF-A4DB-45C6-B6FE-1B500E8829C9}.Debug|Any CPU.Build.0 = Debug|Any CPU
		{67018EDF-A4DB-45C6-B6FE-1B500E8829C9}.Release|Any CPU.ActiveCfg = Release|Any CPU
		{67018EDF-A4DB-45C6-B6FE-1B500E8829C9}.Release|Any CPU.Build.0 = Release|Any CPU
		{D897CEE8-A1BA-4C1D-B550-8C6C90C3F6A5}.Debug|Any CPU.ActiveCfg = Debug|Any CPU
		{D897CEE8-A1BA-4C1D-B550-8C6C90C3F6A5}.Debug|Any CPU.Build.0 = Debug|Any CPU
		{D897CEE8-A1BA-4C1D-B550-8C6C90C3F6A5}.Release|Any CPU.ActiveCfg = Release|Any CPU
		{D897CEE8-A1BA-4C1D-B550-8C6C90C3F6A5}.Release|Any CPU.Build.0 = Release|Any CPU
		{F3F70AD3-BC72-41E6-9A6B-F429BEBC1463}.Debug|Any CPU.ActiveCfg = Debug|Any CPU
		{F3F70AD3-BC72-41E6-9A6B-F429BEBC1463}.Debug|Any CPU.Build.0 = Debug|Any CPU
		{F3F70AD3-BC72-41E6-9A6B-F429BEBC1463}.Release|Any CPU.ActiveCfg = Release|Any CPU
		{F3F70AD3-BC72-41E6-9A6B-F429BEBC1463}.Release|Any CPU.Build.0 = Release|Any CPU
	EndGlobalSection
	GlobalSection(SolutionProperties) = preSolution
		HideSolutionNode = FALSE
	EndGlobalSection
	GlobalSection(NestedProjects) = preSolution
		{1DCC847E-A562-4EFC-B0AD-371ABDAD980C} = {8E24EB54-1E41-419B-9765-B4DA2ED66DE5}
		{5337A13A-FFE5-4ECD-9049-234427C18308} = {8E24EB54-1E41-419B-9765-B4DA2ED66DE5}
		{EDF1E7D1-5A8C-47CC-8400-44DEB4CBCE71} = {8E24EB54-1E41-419B-9765-B4DA2ED66DE5}
		{2ADCFBF1-5EBD-4274-89D5-8C227DC18161} = {1E7D3D1A-9B14-401A-8561-6D679F4FA137}
		{834A1B88-1123-4E8D-B6D3-554CD6ABD392} = {1E7D3D1A-9B14-401A-8561-6D679F4FA137}
		{81920AD2-62E8-4542-9EE2-C87DF89C47F9} = {1E7D3D1A-9B14-401A-8561-6D679F4FA137}
		{C621B6A1-4C81-462A-A591-BB6C9E5DF5DE} = {4118F67D-3913-4D5D-B5DD-F4EF2AB93D59}
		{3924E9B2-F91D-4817-9F6C-6DF11521615B} = {4118F67D-3913-4D5D-B5DD-F4EF2AB93D59}
		{173F6C8C-B112-4396-9BCC-18343BF1E47A} = {4118F67D-3913-4D5D-B5DD-F4EF2AB93D59}
		{9DBD7219-DF10-4F6F-B873-4817B72EEA1F} = {D0816188-99C2-4B38-B0CF-11F7D9052901}
		{8BF2A08D-D01E-4795-89FC-4BAAC604225D} = {D0816188-99C2-4B38-B0CF-11F7D9052901}
		{EA3D1530-4CE4-4912-9E51-393CF90280DE} = {D0816188-99C2-4B38-B0CF-11F7D9052901}
		{BB21F088-B8CD-40EA-88B7-06DE53F8FF93} = {E37D8748-BAC6-439D-BF69-4024F61A5353}
		{1B1794E0-A040-4A88-BD05-1AF183AE574F} = {E37D8748-BAC6-439D-BF69-4024F61A5353}
		{51E58D52-CBAE-40C2-82D4-E08B93B83C66} = {E37D8748-BAC6-439D-BF69-4024F61A5353}
		{33C14AF1-817D-47F5-BD2C-0C9898C6BE53} = {314B04D3-6D08-4B4E-B49D-D4B504AFD55D}
		{795A2944-C53C-4F42-AF16-9B0DED226150} = {314B04D3-6D08-4B4E-B49D-D4B504AFD55D}
		{B27D6E03-397D-440A-A8D3-AAE21EEC168E} = {314B04D3-6D08-4B4E-B49D-D4B504AFD55D}
		{E75D7A62-17E4-4FD8-A442-DCD08A24E94F} = {44EA8B65-1833-46D2-8066-79D7FCFEE369}
		{B0C79173-A00E-4FF9-A233-0441D2224729} = {44EA8B65-1833-46D2-8066-79D7FCFEE369}
		{80A81A70-939B-4F62-8325-609165412081} = {44EA8B65-1833-46D2-8066-79D7FCFEE369}
		{67018EDF-A4DB-45C6-B6FE-1B500E8829C9} = {BFFC2424-47F0-4F55-9E5F-B146955C652D}
		{D897CEE8-A1BA-4C1D-B550-8C6C90C3F6A5} = {BFFC2424-47F0-4F55-9E5F-B146955C652D}
		{F3F70AD3-BC72-41E6-9A6B-F429BEBC1463} = {BFFC2424-47F0-4F55-9E5F-B146955C652D}
	EndGlobalSection
	GlobalSection(ExtensibilityGlobals) = postSolution
		SolutionGuid = {F32575CA-805D-4BB0-A9A7-2A9CB33F0612}
	EndGlobalSection
EndGlobal
