
Microsoft Visual Studio Solution File, Format Version 12.00
# Visual Studio Version 16
VisualStudioVersion = 16.0.33927.289
MinimumVisualStudioVersion = 10.0.40219.1
Project("{FAE04EC0-301F-11D3-BF4B-00C04F79EFBC}") = "Tyuiu.PaulikKV.Sprint2.Task0.V22", "Tyuiu.PaulikKV.Sprint2.Task0.V22\Tyuiu.PaulikKV.Sprint2.Task0.V22.csproj", "{1DCC847E-A562-4EFC-B0AD-371ABDAD980C}"
EndProject
Project("{FAE04EC0-301F-11D3-BF4B-00C04F79EFBC}") = "Tyuiu.PaulikKV.Sprint2.Task0.V22.Lib", "Tyuiu.PaulikKV.Sprint2.Task0.V22.Lib\Tyuiu.PaulikKV.Sprint2.Task0.V22.Lib.csproj", "{5337A13A-FFE5-4ECD-9049-234427C18308}"
EndProject
Project("{FAE04EC0-301F-11D3-BF4B-00C04F79EFBC}") = "Tyuiu.PaulikKV.Sprint2.Task0.V22.Test", "Tyuiu.PaulikKV.Sprint2.Task0.V22.Test\Tyuiu.PaulikKV.Sprint2.Task0.V22.Test.csproj", "{EDF1E7D1-5A8C-47CC-8400-44DEB4CBCE71}"
EndProject
Project("{2150E333-8FDC-42A3-9474-1A3956D46DE8}") = "Task0", "Task0", "{8E24EB54-1E41-419B-9765-B4DA2ED66DE5}"
EndProject
Project("{2150E333-8FDC-42A3-9474-1A3956D46DE8}") = "Task1", "Task1", "{1E7D3D1A-9B14-401A-8561-6D679F4FA137}"
EndProject
Project("{FAE04EC0-301F-11D3-BF4B-00C04F79EFBC}") = "Tyuiu.PaulikKV.Sprint2.Task1.V27.Lib", "Tyuiu.PaulikKV.Sprint2.Task1.V27.Lib\Tyuiu.PaulikKV.Sprint2.Task1.V27.Lib.csproj", "{2ADCFBF1-5EBD-4274-89D5-8C227DC18161}"
EndProject
Project("{FAE04EC0-301F-11D3-BF4B-00C04F79EFBC}") = "Tyuiu.PaulikKV.Sprint2.Task1.V27", "Tyuiu.PaulikKV.Sprint2.Task1.V27\Tyuiu.PaulikKV.Sprint2.Task1.V27.csproj", "{834A1B88-1123-4E8D-B6D3-554CD6ABD392}"
EndProject
Project("{FAE04EC0-301F-11D3-BF4B-00C04F79EFBC}") = "Tyuiu.PaulikKV.Sprint2.Task1.V27.Test", "Tyuiu.PaulikKV.Sprint2.Task1.V27.Test\Tyuiu.PaulikKV.Sprint2.Task1.V27.Test.csproj", "{81920AD2-62E8-4542-9EE2-C87DF89C47F9}"
EndProject
Project("{2150E333-8FDC-42A3-9474-1A3956D46DE8}") = "Task2", "Task2", "{4118F67D-3913-4D5D-B5DD-F4EF2AB93D59}"
EndProject
Project("{FAE04EC0-301F-11D3-BF4B-00C04F79EFBC}") = "Tyuiu.PaulikKV.Sprint2.Task2.V10.Test", "Tyuiu.PaulikKV.Sprint2.Task2.V10.Test\Tyuiu.PaulikKV.Sprint2.Task2.V10.Test.csproj", "{C621B6A1-4C81-462A-A591-BB6C9E5DF5DE}"
EndProject
Project("{FAE04EC0-301F-11D3-BF4B-00C04F79EFBC}") = "Tyuiu.PaulikKV.Sprint2.Task2.V10", "Tyuiu.PaulikKV.Sprint2.Task2.V10\Tyuiu.PaulikKV.Sprint2.Task2.V10.csproj", "{3924E9B2-F91D-4817-9F6C-6DF11521615B}"
EndProject
Project("{FAE04EC0-301F-11D3-BF4B-00C04F79EFBC}") = "Tyuiu.PaulikKV.Sprint2.Task2.V10.Lib", "Tyuiu.PaulikKV.Sprint2.Task2.V10.Lib\Tyuiu.PaulikKV.Sprint2.Task2.V10.Lib.csproj", "{173F6C8C-B112-4396-9BCC-18343BF1E47A}"
EndProject
Global
	GlobalSection(SolutionConfigurationPlatforms) = preSolution
		Debug|Any CPU = Debug|Any CPU
		Release|Any CPU = Release|Any CPU
	EndGlobalSection
	GlobalSection(ProjectConfigurationPlatforms) = postSolution
		{1DCC847E-A562-4EFC-B0AD-371ABDAD980C}.Debug|Any CPU.ActiveCfg = Debug|Any CPU
		{1DCC847E-A562-4EFC-B0AD-371ABDAD980C}.Debug|Any CPU.Build.0 = Debug|Any CPU
		{1DCC847E-A562-4EFC-B0AD-371ABDAD980C}.Release|Any CPU.ActiveCfg = Release|Any CPU
		{1DCC847E-A562-4EFC-B0AD-371ABDAD980C}.Release|Any CPU.Build.0 = Release|Any CPU
		{5337A13A-FFE5-4ECD-9049-234427C18308}.Debug|Any CPU.ActiveCfg = Debug|Any CPU
		{5337A13A-FFE5-4ECD-9049-234427C18308}.Debug|Any CPU.Build.0 = Debug|Any CPU
		{5337A13A-FFE5-4ECD-9049-234427C18308}.Release|Any CPU.ActiveCfg = Release|Any CPU
		{5337A13A-FFE5-4ECD-9049-234427C18308}.Release|Any CPU.Build.0 = Release|Any CPU
		{EDF1E7D1-5A8C-47CC-8400-44DEB4CBCE71}.Debug|Any CPU.ActiveCfg = Debug|Any CPU
		{EDF1E7D1-5A8C-47CC-8400-44DEB4CBCE71}.Debug|Any CPU.Build.0 = Debug|Any CPU
		{EDF1E7D1-5A8C-47CC-8400-44DEB4CBCE71}.Release|Any CPU.ActiveCfg = Release|Any CPU
		{EDF1E7D1-5A8C-47CC-8400-44DEB4CBCE71}.Release|Any CPU.Build.0 = Release|Any CPU
		{2ADCFBF1-5EBD-4274-89D5-8C227DC18161}.Debug|Any CPU.ActiveCfg = Debug|Any CPU
		{2ADCFBF1-5EBD-4274-89D5-8C227DC18161}.Debug|Any CPU.Build.0 = Debug|Any CPU
		{2ADCFBF1-5EBD-4274-89D5-8C227DC18161}.Release|Any CPU.ActiveCfg = Release|Any CPU
		{2ADCFBF1-5EBD-4274-89D5-8C227DC18161}.Release|Any CPU.Build.0 = Release|Any CPU
		{834A1B88-1123-4E8D-B6D3-554CD6ABD392}.Debug|Any CPU.ActiveCfg = Debug|Any CPU
		{834A1B88-1123-4E8D-B6D3-554CD6ABD392}.Debug|Any CPU.Build.0 = Debug|Any CPU
		{834A1B88-1123-4E8D-B6D3-554CD6ABD392}.Release|Any CPU.ActiveCfg = Release|Any CPU
		{834A1B88-1123-4E8D-B6D3-554CD6ABD392}.Release|Any CPU.Build.0 = Release|Any CPU
		{81920AD2-62E8-4542-9EE2-C87DF89C47F9}.Debug|Any CPU.ActiveCfg = Debug|Any CPU
		{81920AD2-62E8-4542-9EE2-C87DF89C47F9}.Debug|Any CPU.Build.0 = Debug|Any CPU
		{81920AD2-62E8-4542-9EE2-C87DF89C47F9}.Release|Any CPU.ActiveCfg = Release|Any CPU
		{81920AD2-62E8-4542-9EE2-C87DF89C47F9}.Release|Any CPU.Build.0 = Release|Any CPU
		{C621B6A1-4C81-462A-A591-BB6C9E5DF5DE}.Debug|Any CPU.ActiveCfg = Debug|Any CPU
		{C621B6A1-4C81-462A-A591-BB6C9E5DF5DE}.Debug|Any CPU.Build.0 = Debug|Any CPU
		{C621B6A1-4C81-462A-A591-BB6C9E5DF5DE}.Release|Any CPU.ActiveCfg = Release|Any CPU
		{C621B6A1-4C81-462A-A591-BB6C9E5DF5DE}.Release|Any CPU.Build.0 = Release|Any CPU
		{3924E9B2-F91D-4817-9F6C-6DF11521615B}.Debug|Any CPU.ActiveCfg = Debug|Any CPU
		{3924E9B2-F91D-4817-9F6C-6DF11521615B}.Debug|Any CPU.Build.0 = Debug|Any CPU
		{3924E9B2-F91D-4817-9F6C-6DF11521615B}.Release|Any CPU.ActiveCfg = Release|Any CPU
		{3924E9B2-F91D-4817-9F6C-6DF11521615B}.Release|Any CPU.Build.0 = Release|Any CPU
		{173F6C8C-B112-4396-9BCC-18343BF1E47A}.Debug|Any CPU.ActiveCfg = Debug|Any CPU
		{173F6C8C-B112-4396-9BCC-18343BF1E47A}.Debug|Any CPU.Build.0 = Debug|Any CPU
		{173F6C8C-B112-4396-9BCC-18343BF1E47A}.Release|Any CPU.ActiveCfg = Release|Any CPU
		{173F6C8C-B112-4396-9BCC-18343BF1E47A}.Release|Any CPU.Build.0 = Release|Any CPU
	EndGlobalSection
	GlobalSection(SolutionProperties) = preSolution
		HideSolutionNode = FALSE
	EndGlobalSection
	GlobalSection(NestedProjects) = preSolution
		{1DCC847E-A562-4EFC-B0AD-371ABDAD980C} = {8E24EB54-1E41-419B-9765-B4DA2ED66DE5}
		{5337A13A-FFE5-4ECD-9049-234427C18308} = {8E24EB54-1E41-419B-9765-B4DA2ED66DE5}
		{EDF1E7D1-5A8C-47CC-8400-44DEB4CBCE71} = {8E24EB54-1E41-419B-9765-B4DA2ED66DE5}
		{2ADCFBF1-5EBD-4274-89D5-8C227DC18161} = {1E7D3D1A-9B14-401A-8561-6D679F4FA137}
		{834A1B88-1123-4E8D-B6D3-554CD6ABD392} = {1E7D3D1A-9B14-401A-8561-6D679F4FA137}
		{81920AD2-62E8-4542-9EE2-C87DF89C47F9} = {1E7D3D1A-9B14-401A-8561-6D679F4FA137}
		{C621B6A1-4C81-462A-A591-BB6C9E5DF5DE} = {4118F67D-3913-4D5D-B5DD-F4EF2AB93D59}
		{3924E9B2-F91D-4817-9F6C-6DF11521615B} = {4118F67D-3913-4D5D-B5DD-F4EF2AB93D59}
		{173F6C8C-B112-4396-9BCC-18343BF1E47A} = {4118F67D-3913-4D5D-B5DD-F4EF2AB93D59}
	EndGlobalSection
	GlobalSection(ExtensibilityGlobals) = postSolution
		SolutionGuid = {F32575CA-805D-4BB0-A9A7-2A9CB33F0612}
	EndGlobalSection
EndGlobal
